
Microsoft Visual Studio Solution File, Format Version 12.00
# Visual Studio Version 17
VisualStudioVersion = 17.13.35913.81 d17.13
MinimumVisualStudioVersion = 10.0.40219.1
Project("{FAE04EC0-301F-11D3-BF4B-00C04F79EFBC}") = "OGA.API", "OGA.API\OGA.API.csproj", "{DAD8D91C-E8B4-4440-87D6-8F0744AB2329}"
EndProject
Project("{FAE04EC0-301F-11D3-BF4B-00C04F79EFBC}") = "Domain", "Domain\Domain.csproj", "{734D7B94-395F-41D3-9704-B36F6C9A2F70}"
EndProject
Project("{FAE04EC0-301F-11D3-BF4B-00C04F79EFBC}") = "Application", "Application\Application.csproj", "{521D8F12-5FD7-4CE8-AA21-898F48087A30}"
EndProject
Project("{FAE04EC0-301F-11D3-BF4B-00C04F79EFBC}") = "Infrastructure", "Infrastructure\Infrastructure.csproj", "{90DC530E-7640-49AA-A24A-D9462BF7A945}"
EndProject
Global
	GlobalSection(SolutionConfigurationPlatforms) = preSolution
		Debug|Any CPU = Debug|Any CPU
		Release|Any CPU = Release|Any CPU
	EndGlobalSection
	GlobalSection(ProjectConfigurationPlatforms) = postSolution
		{DAD8D91C-E8B4-4440-87D6-8F0744AB2329}.Debug|Any CPU.ActiveCfg = Debug|Any CPU
		{DAD8D91C-E8B4-4440-87D6-8F0744AB2329}.Debug|Any CPU.Build.0 = Debug|Any CPU
		{DAD8D91C-E8B4-4440-87D6-8F0744AB2329}.Release|Any CPU.ActiveCfg = Release|Any CPU
		{DAD8D91C-E8B4-4440-87D6-8F0744AB2329}.Release|Any CPU.Build.0 = Release|Any CPU
		{734D7B94-395F-41D3-9704-B36F6C9A2F70}.Debug|Any CPU.ActiveCfg = Debug|Any CPU
		{734D7B94-395F-41D3-9704-B36F6C9A2F70}.Debug|Any CPU.Build.0 = Debug|Any CPU
		{734D7B94-395F-41D3-9704-B36F6C9A2F70}.Release|Any CPU.ActiveCfg = Release|Any CPU
		{734D7B94-395F-41D3-9704-B36F6C9A2F70}.Release|Any CPU.Build.0 = Release|Any CPU
		{521D8F12-5FD7-4CE8-AA21-898F48087A30}.Debug|Any CPU.ActiveCfg = Debug|Any CPU
		{521D8F12-5FD7-4CE8-AA21-898F48087A30}.Debug|Any CPU.Build.0 = Debug|Any CPU
		{521D8F12-5FD7-4CE8-AA21-898F48087A30}.Release|Any CPU.ActiveCfg = Release|Any CPU
		{521D8F12-5FD7-4CE8-AA21-898F48087A30}.Release|Any CPU.Build.0 = Release|Any CPU
		{90DC530E-7640-49AA-A24A-D9462BF7A945}.Debug|Any CPU.ActiveCfg = Debug|Any CPU
		{90DC530E-7640-49AA-A24A-D9462BF7A945}.Debug|Any CPU.Build.0 = Debug|Any CPU
		{90DC530E-7640-49AA-A24A-D9462BF7A945}.Release|Any CPU.ActiveCfg = Release|Any CPU
		{90DC530E-7640-49AA-A24A-D9462BF7A945}.Release|Any CPU.Build.0 = Release|Any CPU
	EndGlobalSection
	GlobalSection(SolutionProperties) = preSolution
		HideSolutionNode = FALSE
	EndGlobalSection
	GlobalSection(ExtensibilityGlobals) = postSolution
		SolutionGuid = {E918E0D7-D40A-49A7-9659-4EA54F9FE3DF}
	EndGlobalSection
EndGlobal
